// !$*UTF8*$!
{
	archiveVersion = 1;
	classes = {
	};
	objectVersion = 56;
	objects = {

/* Begin PBXBuildFile section */
		147F26302992DFCC00A820AE /* AccountSummaryHeaderView.xib in Resources */ = {isa = PBXBuildFile; fileRef = 147F262F2992DFCC00A820AE /* AccountSummaryHeaderView.xib */; };
		147F26342995465200A820AE /* AccountSummaryCell.swift in Sources */ = {isa = PBXBuildFile; fileRef = 147F26332995465200A820AE /* AccountSummaryCell.swift */; };
		147F2636299592C000A820AE /* DecimalUtil.swift in Sources */ = {isa = PBXBuildFile; fileRef = 147F2635299592C000A820AE /* DecimalUtil.swift */; };
		147F26382995936700A820AE /* CurrencyFormatter.swift in Sources */ = {isa = PBXBuildFile; fileRef = 147F26372995936700A820AE /* CurrencyFormatter.swift */; };
		147F2647299A827600A820AE /* CurrencyFormatterTests.swift in Sources */ = {isa = PBXBuildFile; fileRef = 147F2646299A827600A820AE /* CurrencyFormatterTests.swift */; };
		147F2649299AD78700A820AE /* NSNotificationName.swift in Sources */ = {isa = PBXBuildFile; fileRef = 147F2648299AD78700A820AE /* NSNotificationName.swift */; };
		147F264B299ADC8400A820AE /* UiTextField + SecureToggle.swift in Sources */ = {isa = PBXBuildFile; fileRef = 147F264A299ADC8400A820AE /* UiTextField + SecureToggle.swift */; };
		147F264E299BE59600A820AE /* ShakeyBellView.swift in Sources */ = {isa = PBXBuildFile; fileRef = 147F264D299BE59600A820AE /* ShakeyBellView.swift */; };
		14834A0D297809470080C04B /* AppDelegate.swift in Sources */ = {isa = PBXBuildFile; fileRef = 14834A0C297809470080C04B /* AppDelegate.swift */; };
		14834A11297809470080C04B /* LoginViewController.swift in Sources */ = {isa = PBXBuildFile; fileRef = 14834A10297809470080C04B /* LoginViewController.swift */; };
		14834A16297809480080C04B /* Assets.xcassets in Resources */ = {isa = PBXBuildFile; fileRef = 14834A15297809480080C04B /* Assets.xcassets */; };
		14834A19297809480080C04B /* LaunchScreen.storyboard in Resources */ = {isa = PBXBuildFile; fileRef = 14834A17297809480080C04B /* LaunchScreen.storyboard */; };
		14834A2329780F520080C04B /* LoginView.swift in Sources */ = {isa = PBXBuildFile; fileRef = 14834A2229780F520080C04B /* LoginView.swift */; };
		14B4BB752992B288004C4825 /* AccountSummaryViewController.swift in Sources */ = {isa = PBXBuildFile; fileRef = 14B4BB742992B288004C4825 /* AccountSummaryViewController.swift */; };
		14B4BB772992B89B004C4825 /* AccountSummaryHeaderView.swift in Sources */ = {isa = PBXBuildFile; fileRef = 14B4BB762992B89B004C4825 /* AccountSummaryHeaderView.swift */; };
		14C2CD9D29815FF200D49292 /* OnboardingContainerViewController.swift in Sources */ = {isa = PBXBuildFile; fileRef = 14C2CD9C29815FF200D49292 /* OnboardingContainerViewController.swift */; };
		14C2CD9F2981692900D49292 /* OnboardingViewController.swift in Sources */ = {isa = PBXBuildFile; fileRef = 14C2CD9E2981692800D49292 /* OnboardingViewController.swift */; };
		14C2CDA12987F75400D49292 /* DummyViewController.swift in Sources */ = {isa = PBXBuildFile; fileRef = 14C2CDA02987F75400D49292 /* DummyViewController.swift */; };
		14C2CDA42988025700D49292 /* LocalState.swift in Sources */ = {isa = PBXBuildFile; fileRef = 14C2CDA32988025700D49292 /* LocalState.swift */; };
		14C2CDA629883F7D00D49292 /* UIViewController+Utils.swift in Sources */ = {isa = PBXBuildFile; fileRef = 14C2CDA529883F7D00D49292 /* UIViewController+Utils.swift */; };
		14C2CDA8298843CB00D49292 /* MainViewController.swift in Sources */ = {isa = PBXBuildFile; fileRef = 14C2CDA7298843CB00D49292 /* MainViewController.swift */; };
/* End PBXBuildFile section */

/* Begin PBXContainerItemProxy section */
		147F2641299A825B00A820AE /* PBXContainerItemProxy */ = {
			isa = PBXContainerItemProxy;
			containerPortal = 14834A01297809470080C04B /* Project object */;
			proxyType = 1;
			remoteGlobalIDString = 14834A08297809470080C04B;
			remoteInfo = Bankey;
		};
/* End PBXContainerItemProxy section */

/* Begin PBXFileReference section */
		147F262F2992DFCC00A820AE /* AccountSummaryHeaderView.xib */ = {isa = PBXFileReference; lastKnownFileType = file.xib; path = AccountSummaryHeaderView.xib; sourceTree = "<group>"; };
		147F26332995465200A820AE /* AccountSummaryCell.swift */ = {isa = PBXFileReference; lastKnownFileType = sourcecode.swift; path = AccountSummaryCell.swift; sourceTree = "<group>"; };
		147F2635299592C000A820AE /* DecimalUtil.swift */ = {isa = PBXFileReference; lastKnownFileType = sourcecode.swift; path = DecimalUtil.swift; sourceTree = "<group>"; };
		147F26372995936700A820AE /* CurrencyFormatter.swift */ = {isa = PBXFileReference; lastKnownFileType = sourcecode.swift; path = CurrencyFormatter.swift; sourceTree = "<group>"; };
		147F263D299A825B00A820AE /* BankeyUnitTests.xctest */ = {isa = PBXFileReference; explicitFileType = wrapper.cfbundle; includeInIndex = 0; path = BankeyUnitTests.xctest; sourceTree = BUILT_PRODUCTS_DIR; };
		147F2646299A827600A820AE /* CurrencyFormatterTests.swift */ = {isa = PBXFileReference; lastKnownFileType = sourcecode.swift; path = CurrencyFormatterTests.swift; sourceTree = "<group>"; };
		147F2648299AD78700A820AE /* NSNotificationName.swift */ = {isa = PBXFileReference; lastKnownFileType = sourcecode.swift; path = NSNotificationName.swift; sourceTree = "<group>"; };
		147F264A299ADC8400A820AE /* UiTextField + SecureToggle.swift */ = {isa = PBXFileReference; lastKnownFileType = sourcecode.swift; path = "UiTextField + SecureToggle.swift"; sourceTree = "<group>"; };
		147F264D299BE59600A820AE /* ShakeyBellView.swift */ = {isa = PBXFileReference; lastKnownFileType = sourcecode.swift; path = ShakeyBellView.swift; sourceTree = "<group>"; };
		14834A09297809470080C04B /* Bankey.app */ = {isa = PBXFileReference; explicitFileType = wrapper.application; includeInIndex = 0; path = Bankey.app; sourceTree = BUILT_PRODUCTS_DIR; };
		14834A0C297809470080C04B /* AppDelegate.swift */ = {isa = PBXFileReference; lastKnownFileType = sourcecode.swift; path = AppDelegate.swift; sourceTree = "<group>"; };
		14834A10297809470080C04B /* LoginViewController.swift */ = {isa = PBXFileReference; lastKnownFileType = sourcecode.swift; path = LoginViewController.swift; sourceTree = "<group>"; };
		14834A15297809480080C04B /* Assets.xcassets */ = {isa = PBXFileReference; lastKnownFileType = folder.assetcatalog; path = Assets.xcassets; sourceTree = "<group>"; };
		14834A18297809480080C04B /* Base */ = {isa = PBXFileReference; lastKnownFileType = file.storyboard; name = Base; path = Base.lproj/LaunchScreen.storyboard; sourceTree = "<group>"; };
		14834A1A297809480080C04B /* Info.plist */ = {isa = PBXFileReference; lastKnownFileType = text.plist.xml; path = Info.plist; sourceTree = "<group>"; };
		14834A2229780F520080C04B /* LoginView.swift */ = {isa = PBXFileReference; lastKnownFileType = sourcecode.swift; path = LoginView.swift; sourceTree = "<group>"; };
		14B4BB742992B288004C4825 /* AccountSummaryViewController.swift */ = {isa = PBXFileReference; lastKnownFileType = sourcecode.swift; path = AccountSummaryViewController.swift; sourceTree = "<group>"; };
		14B4BB762992B89B004C4825 /* AccountSummaryHeaderView.swift */ = {isa = PBXFileReference; lastKnownFileType = sourcecode.swift; path = AccountSummaryHeaderView.swift; sourceTree = "<group>"; };
		14C2CD9C29815FF200D49292 /* OnboardingContainerViewController.swift */ = {isa = PBXFileReference; lastKnownFileType = sourcecode.swift; path = OnboardingContainerViewController.swift; sourceTree = "<group>"; };
		14C2CD9E2981692800D49292 /* OnboardingViewController.swift */ = {isa = PBXFileReference; lastKnownFileType = sourcecode.swift; path = OnboardingViewController.swift; sourceTree = "<group>"; };
		14C2CDA02987F75400D49292 /* DummyViewController.swift */ = {isa = PBXFileReference; lastKnownFileType = sourcecode.swift; path = DummyViewController.swift; sourceTree = "<group>"; };
		14C2CDA32988025700D49292 /* LocalState.swift */ = {isa = PBXFileReference; lastKnownFileType = sourcecode.swift; path = LocalState.swift; sourceTree = "<group>"; };
		14C2CDA529883F7D00D49292 /* UIViewController+Utils.swift */ = {isa = PBXFileReference; lastKnownFileType = sourcecode.swift; path = "UIViewController+Utils.swift"; sourceTree = "<group>"; };
		14C2CDA7298843CB00D49292 /* MainViewController.swift */ = {isa = PBXFileReference; lastKnownFileType = sourcecode.swift; path = MainViewController.swift; sourceTree = "<group>"; };
/* End PBXFileReference section */

/* Begin PBXFrameworksBuildPhase section */
		147F263A299A825B00A820AE /* Frameworks */ = {
			isa = PBXFrameworksBuildPhase;
			buildActionMask = 2147483647;
			files = (
			);
			runOnlyForDeploymentPostprocessing = 0;
		};
		14834A06297809470080C04B /* Frameworks */ = {
			isa = PBXFrameworksBuildPhase;
			buildActionMask = 2147483647;
			files = (
			);
			runOnlyForDeploymentPostprocessing = 0;
		};
/* End PBXFrameworksBuildPhase section */

/* Begin PBXGroup section */
		147F26312995456900A820AE /* Header */ = {
			isa = PBXGroup;
			children = (
				14B4BB762992B89B004C4825 /* AccountSummaryHeaderView.swift */,
				147F262F2992DFCC00A820AE /* AccountSummaryHeaderView.xib */,
			);
			path = Header;
			sourceTree = "<group>";
		};
		147F2632299545CE00A820AE /* Cells */ = {
			isa = PBXGroup;
			children = (
				147F26332995465200A820AE /* AccountSummaryCell.swift */,
			);
			path = Cells;
			sourceTree = "<group>";
		};
		147F263E299A825B00A820AE /* BankeyUnitTests */ = {
			isa = PBXGroup;
			children = (
				147F2646299A827600A820AE /* CurrencyFormatterTests.swift */,
			);
			path = BankeyUnitTests;
			sourceTree = "<group>";
		};
		147F264C299BE55800A820AE /* Components */ = {
			isa = PBXGroup;
			children = (
				147F264D299BE59600A820AE /* ShakeyBellView.swift */,
			);
			path = Components;
			sourceTree = "<group>";
		};
		14834A00297809470080C04B = {
			isa = PBXGroup;
			children = (
				14834A0B297809470080C04B /* Bankey */,
				147F263E299A825B00A820AE /* BankeyUnitTests */,
				14834A0A297809470080C04B /* Products */,
			);
			sourceTree = "<group>";
		};
		14834A0A297809470080C04B /* Products */ = {
			isa = PBXGroup;
			children = (
				14834A09297809470080C04B /* Bankey.app */,
				147F263D299A825B00A820AE /* BankeyUnitTests.xctest */,
			);
			name = Products;
			sourceTree = "<group>";
		};
		14834A0B297809470080C04B /* Bankey */ = {
			isa = PBXGroup;
			children = (
				14834A0C297809470080C04B /* AppDelegate.swift */,
				14C2CDA7298843CB00D49292 /* MainViewController.swift */,
				147F264C299BE55800A820AE /* Components */,
				14B4BB732992B20C004C4825 /* AccountSummary */,
				14834A2129780F2A0080C04B /* Login */,
				14C2CD9B29815FBF00D49292 /* Onboarding */,
				14C2CDA22988024600D49292 /* Utils */,
				14834A2029780EDC0080C04B /* Files */,
			);
			path = Bankey;
			sourceTree = "<group>";
		};
		14834A2029780EDC0080C04B /* Files */ = {
			isa = PBXGroup;
			children = (
				14834A15297809480080C04B /* Assets.xcassets */,
				14834A1A297809480080C04B /* Info.plist */,
				14834A17297809480080C04B /* LaunchScreen.storyboard */,
			);
			name = Files;
			sourceTree = "<group>";
		};
		14834A2129780F2A0080C04B /* Login */ = {
			isa = PBXGroup;
			children = (
				14834A10297809470080C04B /* LoginViewController.swift */,
				14834A2229780F520080C04B /* LoginView.swift */,
				14C2CDA02987F75400D49292 /* DummyViewController.swift */,
			);
			path = Login;
			sourceTree = "<group>";
		};
		14B4BB732992B20C004C4825 /* AccountSummary */ = {
			isa = PBXGroup;
			children = (
				14B4BB742992B288004C4825 /* AccountSummaryViewController.swift */,
				147F2632299545CE00A820AE /* Cells */,
				147F26312995456900A820AE /* Header */,
			);
			path = AccountSummary;
			sourceTree = "<group>";
		};
		14C2CD9B29815FBF00D49292 /* Onboarding */ = {
			isa = PBXGroup;
			children = (
				14C2CD9C29815FF200D49292 /* OnboardingContainerViewController.swift */,
				14C2CD9E2981692800D49292 /* OnboardingViewController.swift */,
			);
			path = Onboarding;
			sourceTree = "<group>";
		};
		14C2CDA22988024600D49292 /* Utils */ = {
			isa = PBXGroup;
			children = (
				14C2CDA529883F7D00D49292 /* UIViewController+Utils.swift */,
				14C2CDA32988025700D49292 /* LocalState.swift */,
				147F2635299592C000A820AE /* DecimalUtil.swift */,
				147F26372995936700A820AE /* CurrencyFormatter.swift */,
				147F2648299AD78700A820AE /* NSNotificationName.swift */,
				147F264A299ADC8400A820AE /* UiTextField + SecureToggle.swift */,
			);
			path = Utils;
			sourceTree = "<group>";
		};
/* End PBXGroup section */

/* Begin PBXNativeTarget section */
		147F263C299A825B00A820AE /* BankeyUnitTests */ = {
			isa = PBXNativeTarget;
			buildConfigurationList = 147F2643299A825B00A820AE /* Build configuration list for PBXNativeTarget "BankeyUnitTests" */;
			buildPhases = (
				147F2639299A825B00A820AE /* Sources */,
				147F263A299A825B00A820AE /* Frameworks */,
				147F263B299A825B00A820AE /* Resources */,
			);
			buildRules = (
			);
			dependencies = (
				147F2642299A825B00A820AE /* PBXTargetDependency */,
			);
			name = BankeyUnitTests;
			productName = BankeyUnitTests;
			productReference = 147F263D299A825B00A820AE /* BankeyUnitTests.xctest */;
			productType = "com.apple.product-type.bundle.unit-test";
		};
		14834A08297809470080C04B /* Bankey */ = {
			isa = PBXNativeTarget;
			buildConfigurationList = 14834A1D297809480080C04B /* Build configuration list for PBXNativeTarget "Bankey" */;
			buildPhases = (
				14834A05297809470080C04B /* Sources */,
				14834A06297809470080C04B /* Frameworks */,
				14834A07297809470080C04B /* Resources */,
			);
			buildRules = (
			);
			dependencies = (
			);
			name = Bankey;
			productName = Bankey;
			productReference = 14834A09297809470080C04B /* Bankey.app */;
			productType = "com.apple.product-type.application";
		};
/* End PBXNativeTarget section */

/* Begin PBXProject section */
		14834A01297809470080C04B /* Project object */ = {
			isa = PBXProject;
			attributes = {
				BuildIndependentTargetsInParallel = 1;
				LastSwiftUpdateCheck = 1410;
				LastUpgradeCheck = 1410;
				TargetAttributes = {
					147F263C299A825B00A820AE = {
						CreatedOnToolsVersion = 14.1;
						LastSwiftMigration = 1410;
						TestTargetID = 14834A08297809470080C04B;
					};
					14834A08297809470080C04B = {
						CreatedOnToolsVersion = 14.1;
					};
				};
			};
			buildConfigurationList = 14834A04297809470080C04B /* Build configuration list for PBXProject "Bankey" */;
			compatibilityVersion = "Xcode 14.0";
			developmentRegion = en;
			hasScannedForEncodings = 0;
			knownRegions = (
				en,
				Base,
			);
			mainGroup = 14834A00297809470080C04B;
			productRefGroup = 14834A0A297809470080C04B /* Products */;
			projectDirPath = "";
			projectRoot = "";
			targets = (
				14834A08297809470080C04B /* Bankey */,
				147F263C299A825B00A820AE /* BankeyUnitTests */,
			);
		};
/* End PBXProject section */

/* Begin PBXResourcesBuildPhase section */
		147F263B299A825B00A820AE /* Resources */ = {
			isa = PBXResourcesBuildPhase;
			buildActionMask = 2147483647;
			files = (
			);
			runOnlyForDeploymentPostprocessing = 0;
		};
		14834A07297809470080C04B /* Resources */ = {
			isa = PBXResourcesBuildPhase;
			buildActionMask = 2147483647;
			files = (
				147F26302992DFCC00A820AE /* AccountSummaryHeaderView.xib in Resources */,
				14834A19297809480080C04B /* LaunchScreen.storyboard in Resources */,
				14834A16297809480080C04B /* Assets.xcassets in Resources */,
			);
			runOnlyForDeploymentPostprocessing = 0;
		};
/* End PBXResourcesBuildPhase section */

/* Begin PBXSourcesBuildPhase section */
		147F2639299A825B00A820AE /* Sources */ = {
			isa = PBXSourcesBuildPhase;
			buildActionMask = 2147483647;
			files = (
				147F2647299A827600A820AE /* CurrencyFormatterTests.swift in Sources */,
			);
			runOnlyForDeploymentPostprocessing = 0;
		};
		14834A05297809470080C04B /* Sources */ = {
			isa = PBXSourcesBuildPhase;
			buildActionMask = 2147483647;
			files = (
				14C2CDA629883F7D00D49292 /* UIViewController+Utils.swift in Sources */,
				14834A2329780F520080C04B /* LoginView.swift in Sources */,
				14C2CDA42988025700D49292 /* LocalState.swift in Sources */,
				147F2636299592C000A820AE /* DecimalUtil.swift in Sources */,
				14B4BB772992B89B004C4825 /* AccountSummaryHeaderView.swift in Sources */,
				147F26382995936700A820AE /* CurrencyFormatter.swift in Sources */,
				14C2CDA12987F75400D49292 /* DummyViewController.swift in Sources */,
				147F2649299AD78700A820AE /* NSNotificationName.swift in Sources */,
				14834A11297809470080C04B /* LoginViewController.swift in Sources */,
				147F26342995465200A820AE /* AccountSummaryCell.swift in Sources */,
				147F264E299BE59600A820AE /* ShakeyBellView.swift in Sources */,
				14C2CD9F2981692900D49292 /* OnboardingViewController.swift in Sources */,
				14C2CDA8298843CB00D49292 /* MainViewController.swift in Sources */,
				147F264B299ADC8400A820AE /* UiTextField + SecureToggle.swift in Sources */,
				14B4BB752992B288004C4825 /* AccountSummaryViewController.swift in Sources */,
				14834A0D297809470080C04B /* AppDelegate.swift in Sources */,
				14C2CD9D29815FF200D49292 /* OnboardingContainerViewController.swift in Sources */,
			);
			runOnlyForDeploymentPostprocessing = 0;
		};
/* End PBXSourcesBuildPhase section */

/* Begin PBXTargetDependency section */
		147F2642299A825B00A820AE /* PBXTargetDependency */ = {
			isa = PBXTargetDependency;
			target = 14834A08297809470080C04B /* Bankey */;
			targetProxy = 147F2641299A825B00A820AE /* PBXContainerItemProxy */;
		};
/* End PBXTargetDependency section */

/* Begin PBXVariantGroup section */
		14834A17297809480080C04B /* LaunchScreen.storyboard */ = {
			isa = PBXVariantGroup;
			children = (
				14834A18297809480080C04B /* Base */,
			);
			name = LaunchScreen.storyboard;
			sourceTree = "<group>";
		};
/* End PBXVariantGroup section */

/* Begin XCBuildConfiguration section */
		147F2644299A825B00A820AE /* Debug */ = {
			isa = XCBuildConfiguration;
			buildSettings = {
				BUNDLE_LOADER = "$(TEST_HOST)";
				CLANG_ENABLE_MODULES = YES;
				CODE_SIGN_STYLE = Automatic;
				CURRENT_PROJECT_VERSION = 1;
				GENERATE_INFOPLIST_FILE = YES;
				LD_RUNPATH_SEARCH_PATHS = (
					"$(inherited)",
					"@executable_path/Frameworks",
					"@loader_path/Frameworks",
				);
				MARKETING_VERSION = 1.0;
				PRODUCT_BUNDLE_IDENTIFIER = com.zlayk.BankeyUnitTests;
				PRODUCT_NAME = "$(TARGET_NAME)";
				SWIFT_EMIT_LOC_STRINGS = NO;
				SWIFT_OPTIMIZATION_LEVEL = "-Onone";
				SWIFT_VERSION = 5.0;
				TARGETED_DEVICE_FAMILY = "1,2";
				TEST_HOST = "$(BUILT_PRODUCTS_DIR)/Bankey.app/$(BUNDLE_EXECUTABLE_FOLDER_PATH)/Bankey";
			};
			name = Debug;
		};
		147F2645299A825B00A820AE /* Release */ = {
			isa = XCBuildConfiguration;
			buildSettings = {
				BUNDLE_LOADER = "$(TEST_HOST)";
				CLANG_ENABLE_MODULES = YES;
				CODE_SIGN_STYLE = Automatic;
				CURRENT_PROJECT_VERSION = 1;
				GENERATE_INFOPLIST_FILE = YES;
				LD_RUNPATH_SEARCH_PATHS = (
					"$(inherited)",
					"@executable_path/Frameworks",
					"@loader_path/Frameworks",
				);
				MARKETING_VERSION = 1.0;
				PRODUCT_BUNDLE_IDENTIFIER = com.zlayk.BankeyUnitTests;
				PRODUCT_NAME = "$(TARGET_NAME)";
				SWIFT_EMIT_LOC_STRINGS = NO;
				SWIFT_VERSION = 5.0;
				TARGETED_DEVICE_FAMILY = "1,2";
				TEST_HOST = "$(BUILT_PRODUCTS_DIR)/Bankey.app/$(BUNDLE_EXECUTABLE_FOLDER_PATH)/Bankey";
			};
			name = Release;
		};
		14834A1B297809480080C04B /* Debug */ = {
			isa = XCBuildConfiguration;
			buildSettings = {
				ALWAYS_SEARCH_USER_PATHS = NO;
				CLANG_ANALYZER_NONNULL = YES;
				CLANG_ANALYZER_NUMBER_OBJECT_CONVERSION = YES_AGGRESSIVE;
				CLANG_CXX_LANGUAGE_STANDARD = "gnu++20";
				CLANG_ENABLE_MODULES = YES;
				CLANG_ENABLE_OBJC_ARC = YES;
				CLANG_ENABLE_OBJC_WEAK = YES;
				CLANG_WARN_BLOCK_CAPTURE_AUTORELEASING = YES;
				CLANG_WARN_BOOL_CONVERSION = YES;
				CLANG_WARN_COMMA = YES;
				CLANG_WARN_CONSTANT_CONVERSION = YES;
				CLANG_WARN_DEPRECATED_OBJC_IMPLEMENTATIONS = YES;
				CLANG_WARN_DIRECT_OBJC_ISA_USAGE = YES_ERROR;
				CLANG_WARN_DOCUMENTATION_COMMENTS = YES;
				CLANG_WARN_EMPTY_BODY = YES;
				CLANG_WARN_ENUM_CONVERSION = YES;
				CLANG_WARN_INFINITE_RECURSION = YES;
				CLANG_WARN_INT_CONVERSION = YES;
				CLANG_WARN_NON_LITERAL_NULL_CONVERSION = YES;
				CLANG_WARN_OBJC_IMPLICIT_RETAIN_SELF = YES;
				CLANG_WARN_OBJC_LITERAL_CONVERSION = YES;
				CLANG_WARN_OBJC_ROOT_CLASS = YES_ERROR;
				CLANG_WARN_QUOTED_INCLUDE_IN_FRAMEWORK_HEADER = YES;
				CLANG_WARN_RANGE_LOOP_ANALYSIS = YES;
				CLANG_WARN_STRICT_PROTOTYPES = YES;
				CLANG_WARN_SUSPICIOUS_MOVE = YES;
				CLANG_WARN_UNGUARDED_AVAILABILITY = YES_AGGRESSIVE;
				CLANG_WARN_UNREACHABLE_CODE = YES;
				CLANG_WARN__DUPLICATE_METHOD_MATCH = YES;
				COPY_PHASE_STRIP = NO;
				DEBUG_INFORMATION_FORMAT = dwarf;
				ENABLE_STRICT_OBJC_MSGSEND = YES;
				ENABLE_TESTABILITY = YES;
				GCC_C_LANGUAGE_STANDARD = gnu11;
				GCC_DYNAMIC_NO_PIC = NO;
				GCC_NO_COMMON_BLOCKS = YES;
				GCC_OPTIMIZATION_LEVEL = 0;
				GCC_PREPROCESSOR_DEFINITIONS = (
					"DEBUG=1",
					"$(inherited)",
				);
				GCC_WARN_64_TO_32_BIT_CONVERSION = YES;
				GCC_WARN_ABOUT_RETURN_TYPE = YES_ERROR;
				GCC_WARN_UNDECLARED_SELECTOR = YES;
				GCC_WARN_UNINITIALIZED_AUTOS = YES_AGGRESSIVE;
				GCC_WARN_UNUSED_FUNCTION = YES;
				GCC_WARN_UNUSED_VARIABLE = YES;
				IPHONEOS_DEPLOYMENT_TARGET = 16.1;
				MTL_ENABLE_DEBUG_INFO = INCLUDE_SOURCE;
				MTL_FAST_MATH = YES;
				ONLY_ACTIVE_ARCH = YES;
				SDKROOT = iphoneos;
				SWIFT_ACTIVE_COMPILATION_CONDITIONS = DEBUG;
				SWIFT_OPTIMIZATION_LEVEL = "-Onone";
			};
			name = Debug;
		};
		14834A1C297809480080C04B /* Release */ = {
			isa = XCBuildConfiguration;
			buildSettings = {
				ALWAYS_SEARCH_USER_PATHS = NO;
				CLANG_ANALYZER_NONNULL = YES;
				CLANG_ANALYZER_NUMBER_OBJECT_CONVERSION = YES_AGGRESSIVE;
				CLANG_CXX_LANGUAGE_STANDARD = "gnu++20";
				CLANG_ENABLE_MODULES = YES;
				CLANG_ENABLE_OBJC_ARC = YES;
				CLANG_ENABLE_OBJC_WEAK = YES;
				CLANG_WARN_BLOCK_CAPTURE_AUTORELEASING = YES;
				CLANG_WARN_BOOL_CONVERSION = YES;
				CLANG_WARN_COMMA = YES;
				CLANG_WARN_CONSTANT_CONVERSION = YES;
				CLANG_WARN_DEPRECATED_OBJC_IMPLEMENTATIONS = YES;
				CLANG_WARN_DIRECT_OBJC_ISA_USAGE = YES_ERROR;
				CLANG_WARN_DOCUMENTATION_COMMENTS = YES;
				CLANG_WARN_EMPTY_BODY = YES;
				CLANG_WARN_ENUM_CONVERSION = YES;
				CLANG_WARN_INFINITE_RECURSION = YES;
				CLANG_WARN_INT_CONVERSION = YES;
				CLANG_WARN_NON_LITERAL_NULL_CONVERSION = YES;
				CLANG_WARN_OBJC_IMPLICIT_RETAIN_SELF = YES;
				CLANG_WARN_OBJC_LITERAL_CONVERSION = YES;
				CLANG_WARN_OBJC_ROOT_CLASS = YES_ERROR;
				CLANG_WARN_QUOTED_INCLUDE_IN_FRAMEWORK_HEADER = YES;
				CLANG_WARN_RANGE_LOOP_ANALYSIS = YES;
				CLANG_WARN_STRICT_PROTOTYPES = YES;
				CLANG_WARN_SUSPICIOUS_MOVE = YES;
				CLANG_WARN_UNGUARDED_AVAILABILITY = YES_AGGRESSIVE;
				CLANG_WARN_UNREACHABLE_CODE = YES;
				CLANG_WARN__DUPLICATE_METHOD_MATCH = YES;
				COPY_PHASE_STRIP = NO;
				DEBUG_INFORMATION_FORMAT = "dwarf-with-dsym";
				ENABLE_NS_ASSERTIONS = NO;
				ENABLE_STRICT_OBJC_MSGSEND = YES;
				GCC_C_LANGUAGE_STANDARD = gnu11;
				GCC_NO_COMMON_BLOCKS = YES;
				GCC_WARN_64_TO_32_BIT_CONVERSION = YES;
				GCC_WARN_ABOUT_RETURN_TYPE = YES_ERROR;
				GCC_WARN_UNDECLARED_SELECTOR = YES;
				GCC_WARN_UNINITIALIZED_AUTOS = YES_AGGRESSIVE;
				GCC_WARN_UNUSED_FUNCTION = YES;
				GCC_WARN_UNUSED_VARIABLE = YES;
				IPHONEOS_DEPLOYMENT_TARGET = 16.1;
				MTL_ENABLE_DEBUG_INFO = NO;
				MTL_FAST_MATH = YES;
				SDKROOT = iphoneos;
				SWIFT_COMPILATION_MODE = wholemodule;
				SWIFT_OPTIMIZATION_LEVEL = "-O";
				VALIDATE_PRODUCT = YES;
			};
			name = Release;
		};
		14834A1E297809480080C04B /* Debug */ = {
			isa = XCBuildConfiguration;
			buildSettings = {
				ASSETCATALOG_COMPILER_APPICON_NAME = AppIcon;
				ASSETCATALOG_COMPILER_GLOBAL_ACCENT_COLOR_NAME = AccentColor;
				CODE_SIGN_STYLE = Automatic;
				CURRENT_PROJECT_VERSION = 1;
				GENERATE_INFOPLIST_FILE = YES;
				INFOPLIST_FILE = Bankey/Info.plist;
				INFOPLIST_KEY_UIApplicationSupportsIndirectInputEvents = YES;
				INFOPLIST_KEY_UILaunchStoryboardName = LaunchScreen;
				INFOPLIST_KEY_UISupportedInterfaceOrientations_iPad = "UIInterfaceOrientationPortrait UIInterfaceOrientationPortraitUpsideDown UIInterfaceOrientationLandscapeLeft UIInterfaceOrientationLandscapeRight";
				INFOPLIST_KEY_UISupportedInterfaceOrientations_iPhone = "UIInterfaceOrientationPortrait UIInterfaceOrientationLandscapeLeft UIInterfaceOrientationLandscapeRight";
				LD_RUNPATH_SEARCH_PATHS = (
					"$(inherited)",
					"@executable_path/Frameworks",
				);
				MARKETING_VERSION = 1.0;
				PRODUCT_BUNDLE_IDENTIFIER = com.zlayk.Bankey;
				PRODUCT_NAME = "$(TARGET_NAME)";
				SWIFT_EMIT_LOC_STRINGS = YES;
				SWIFT_VERSION = 5.0;
				TARGETED_DEVICE_FAMILY = "1,2";
			};
			name = Debug;
		};
		14834A1F297809480080C04B /* Release */ = {
			isa = XCBuildConfiguration;
			buildSettings = {
				ASSETCATALOG_COMPILER_APPICON_NAME = AppIcon;
				ASSETCATALOG_COMPILER_GLOBAL_ACCENT_COLOR_NAME = AccentColor;
				CODE_SIGN_STYLE = Automatic;
				CURRENT_PROJECT_VERSION = 1;
				GENERATE_INFOPLIST_FILE = YES;
				INFOPLIST_FILE = Bankey/Info.plist;
				INFOPLIST_KEY_UIApplicationSupportsIndirectInputEvents = YES;
				INFOPLIST_KEY_UILaunchStoryboardName = LaunchScreen;
				INFOPLIST_KEY_UISupportedInterfaceOrientations_iPad = "UIInterfaceOrientationPortrait UIInterfaceOrientationPortraitUpsideDown UIInterfaceOrientationLandscapeLeft UIInterfaceOrientationLandscapeRight";
				INFOPLIST_KEY_UISupportedInterfaceOrientations_iPhone = "UIInterfaceOrientationPortrait UIInterfaceOrientationLandscapeLeft UIInterfaceOrientationLandscapeRight";
				LD_RUNPATH_SEARCH_PATHS = (
					"$(inherited)",
					"@executable_path/Frameworks",
				);
				MARKETING_VERSION = 1.0;
				PRODUCT_BUNDLE_IDENTIFIER = com.zlayk.Bankey;
				PRODUCT_NAME = "$(TARGET_NAME)";
				SWIFT_EMIT_LOC_STRINGS = YES;
				SWIFT_VERSION = 5.0;
				TARGETED_DEVICE_FAMILY = "1,2";
			};
			name = Release;
		};
/* End XCBuildConfiguration section */

/* Begin XCConfigurationList section */
		147F2643299A825B00A820AE /* Build configuration list for PBXNativeTarget "BankeyUnitTests" */ = {
			isa = XCConfigurationList;
			buildConfigurations = (
				147F2644299A825B00A820AE /* Debug */,
				147F2645299A825B00A820AE /* Release */,
			);
			defaultConfigurationIsVisible = 0;
			defaultConfigurationName = Release;
		};
		14834A04297809470080C04B /* Build configuration list for PBXProject "Bankey" */ = {
			isa = XCConfigurationList;
			buildConfigurations = (
				14834A1B297809480080C04B /* Debug */,
				14834A1C297809480080C04B /* Release */,
			);
			defaultConfigurationIsVisible = 0;
			defaultConfigurationName = Release;
		};
		14834A1D297809480080C04B /* Build configuration list for PBXNativeTarget "Bankey" */ = {
			isa = XCConfigurationList;
			buildConfigurations = (
				14834A1E297809480080C04B /* Debug */,
				14834A1F297809480080C04B /* Release */,
			);
			defaultConfigurationIsVisible = 0;
			defaultConfigurationName = Release;
		};
/* End XCConfigurationList section */
	};
	rootObject = 14834A01297809470080C04B /* Project object */;
}
